
Microsoft Visual Studio Solution File, Format Version 12.00
# Visual Studio Version 18
VisualStudioVersion = 18.0.11217.181
MinimumVisualStudioVersion = 10.0.40219.1
Project("{FAE04EC0-301F-11D3-BF4B-00C04F79EFBC}") = "Back", "Back\Back.csproj", "{56C6A108-6764-7FDB-AB23-A17F70D21712}"
EndProject
Project("{FAE04EC0-301F-11D3-BF4B-00C04F79EFBC}") = "Front", "Front\Front.csproj", "{E06EC6A9-7A79-BF2D-2A01-0F69F925881D}"
EndProject
Project("{2150E333-8FDC-42A3-9474-1A3956D46DE8}") = "src", "src", "{F39EA5A4-B229-4ED6-BB20-C8C5CAB6B2C7}"
EndProject
Project("{FAE04EC0-301F-11D3-BF4B-00C04F79EFBC}") = "Domain", "Domain\Domain.csproj", "{A9745A15-BE26-4671-AE64-D0D0DC424B7D}"
EndProject
Project("{FAE04EC0-301F-11D3-BF4B-00C04F79EFBC}") = "Application", "Application\Application.csproj", "{2C64622E-8372-49EA-91B6-9288B65DA773}"
EndProject
Project("{FAE04EC0-301F-11D3-BF4B-00C04F79EFBC}") = "Infrastructure", "Infrastructure\Infrastructure.csproj", "{8201AFEB-5A8A-44AA-8F6F-2DB0BE4E5ED7}"
EndProject
Project("{FAE04EC0-301F-11D3-BF4B-00C04F79EFBC}") = "Presentation", "Presentation\Presentation.csproj", "{B552BDE7-62F8-427F-8CF0-6A875C1A9BD2}"
EndProject
Project("{2150E333-8FDC-42A3-9474-1A3956D46DE8}") = "docs", "docs", "{C9CCE124-5622-426E-8E57-14745A58D438}"
EndProject
Project("{2150E333-8FDC-42A3-9474-1A3956D46DE8}") = "Domain", "Domain", "{3B410C80-DCDE-425A-B024-EB5B2D53CBA3}"
	ProjectSection(SolutionItems) = preProject
		Product.md = Product.md
	EndProjectSection
EndProject
Global
	GlobalSection(SolutionConfigurationPlatforms) = preSolution
		Debug|Any CPU = Debug|Any CPU
		Release|Any CPU = Release|Any CPU
	EndGlobalSection
	GlobalSection(ProjectConfigurationPlatforms) = postSolution
		{56C6A108-6764-7FDB-AB23-A17F70D21712}.Debug|Any CPU.ActiveCfg = Debug|Any CPU
		{56C6A108-6764-7FDB-AB23-A17F70D21712}.Debug|Any CPU.Build.0 = Debug|Any CPU
		{56C6A108-6764-7FDB-AB23-A17F70D21712}.Release|Any CPU.ActiveCfg = Release|Any CPU
		{56C6A108-6764-7FDB-AB23-A17F70D21712}.Release|Any CPU.Build.0 = Release|Any CPU
		{E06EC6A9-7A79-BF2D-2A01-0F69F925881D}.Debug|Any CPU.ActiveCfg = Debug|Any CPU
		{E06EC6A9-7A79-BF2D-2A01-0F69F925881D}.Debug|Any CPU.Build.0 = Debug|Any CPU
		{E06EC6A9-7A79-BF2D-2A01-0F69F925881D}.Release|Any CPU.ActiveCfg = Release|Any CPU
		{E06EC6A9-7A79-BF2D-2A01-0F69F925881D}.Release|Any CPU.Build.0 = Release|Any CPU
		{A9745A15-BE26-4671-AE64-D0D0DC424B7D}.Debug|Any CPU.ActiveCfg = Debug|Any CPU
		{A9745A15-BE26-4671-AE64-D0D0DC424B7D}.Debug|Any CPU.Build.0 = Debug|Any CPU
		{A9745A15-BE26-4671-AE64-D0D0DC424B7D}.Release|Any CPU.ActiveCfg = Release|Any CPU
		{A9745A15-BE26-4671-AE64-D0D0DC424B7D}.Release|Any CPU.Build.0 = Release|Any CPU
		{2C64622E-8372-49EA-91B6-9288B65DA773}.Debug|Any CPU.ActiveCfg = Debug|Any CPU
		{2C64622E-8372-49EA-91B6-9288B65DA773}.Debug|Any CPU.Build.0 = Debug|Any CPU
		{2C64622E-8372-49EA-91B6-9288B65DA773}.Release|Any CPU.ActiveCfg = Release|Any CPU
		{2C64622E-8372-49EA-91B6-9288B65DA773}.Release|Any CPU.Build.0 = Release|Any CPU
		{8201AFEB-5A8A-44AA-8F6F-2DB0BE4E5ED7}.Debug|Any CPU.ActiveCfg = Debug|Any CPU
		{8201AFEB-5A8A-44AA-8F6F-2DB0BE4E5ED7}.Debug|Any CPU.Build.0 = Debug|Any CPU
		{8201AFEB-5A8A-44AA-8F6F-2DB0BE4E5ED7}.Release|Any CPU.ActiveCfg = Release|Any CPU
		{8201AFEB-5A8A-44AA-8F6F-2DB0BE4E5ED7}.Release|Any CPU.Build.0 = Release|Any CPU
		{B552BDE7-62F8-427F-8CF0-6A875C1A9BD2}.Debug|Any CPU.ActiveCfg = Debug|Any CPU
		{B552BDE7-62F8-427F-8CF0-6A875C1A9BD2}.Debug|Any CPU.Build.0 = Debug|Any CPU
		{B552BDE7-62F8-427F-8CF0-6A875C1A9BD2}.Release|Any CPU.ActiveCfg = Release|Any CPU
		{B552BDE7-62F8-427F-8CF0-6A875C1A9BD2}.Release|Any CPU.Build.0 = Release|Any CPU
	EndGlobalSection
	GlobalSection(SolutionProperties) = preSolution
		HideSolutionNode = FALSE
	EndGlobalSection
	GlobalSection(NestedProjects) = preSolution
		{A9745A15-BE26-4671-AE64-D0D0DC424B7D} = {F39EA5A4-B229-4ED6-BB20-C8C5CAB6B2C7}
		{2C64622E-8372-49EA-91B6-9288B65DA773} = {F39EA5A4-B229-4ED6-BB20-C8C5CAB6B2C7}
		{8201AFEB-5A8A-44AA-8F6F-2DB0BE4E5ED7} = {F39EA5A4-B229-4ED6-BB20-C8C5CAB6B2C7}
		{B552BDE7-62F8-427F-8CF0-6A875C1A9BD2} = {F39EA5A4-B229-4ED6-BB20-C8C5CAB6B2C7}
		{3B410C80-DCDE-425A-B024-EB5B2D53CBA3} = {C9CCE124-5622-426E-8E57-14745A58D438}
	EndGlobalSection
	GlobalSection(ExtensibilityGlobals) = postSolution
		SolutionGuid = {4DCAF6EF-FCEB-4139-9642-08E2E4A9C2DC}
	EndGlobalSection
EndGlobal
